
Microsoft Visual Studio Solution File, Format Version 12.00
# Visual Studio Version 16
VisualStudioVersion = 16.0.28803.352
MinimumVisualStudioVersion = 10.0.40219.1
Project("{FAE04EC0-301F-11D3-BF4B-00C04F79EFBC}") = "MyKernel2", "MyKernel2\MyKernel2.csproj", "{6E5909C1-809E-4DB2-8869-82891C6DE700}"
EndProject
Global
	GlobalSection(SolutionConfigurationPlatforms) = preSolution
		Debug|Any CPU = Debug|Any CPU
		Release|Any CPU = Release|Any CPU
	EndGlobalSection
	GlobalSection(ProjectConfigurationPlatforms) = postSolution
		{6E5909C1-809E-4DB2-8869-82891C6DE700}.Debug|Any CPU.ActiveCfg = Debug|Any CPU
		{6E5909C1-809E-4DB2-8869-82891C6DE700}.Debug|Any CPU.Build.0 = Debug|Any CPU
		{6E5909C1-809E-4DB2-8869-82891C6DE700}.Release|Any CPU.ActiveCfg = Release|Any CPU
		{6E5909C1-809E-4DB2-8869-82891C6DE700}.Release|Any CPU.Build.0 = Release|Any CPU
	EndGlobalSection
	GlobalSection(SolutionProperties) = preSolution
		HideSolutionNode = FALSE
	EndGlobalSection
	GlobalSection(ExtensibilityGlobals) = postSolution
		SolutionGuid = {9AC130CB-382C-4740-9E03-7341E1169568}
	EndGlobalSection
EndGlobal
